PODS:
  - edge_detection_plus (1.1.3):
    - Flutter
    - WeScan
  - Flutter (1.0.0)
  - path_provider_foundation (0.0.1):
    - Flutter
    - FlutterMacOS
  - permission_handler_apple (9.1.1):
    - Flutter
  - WeScan (3.0.0)

DEPENDENCIES:
  - edge_detection_plus (from `.symlinks/plugins/edge_detection_plus/ios`)
  - Flutter (from `Flutter`)
  - path_provider_foundation (from `.symlinks/plugins/path_provider_foundation/darwin`)
  - permission_handler_apple (from `.symlinks/plugins/permission_handler_apple/ios`)
  - WeScan (from `.symlinks/plugins/edge_detection_plus/ios/WeScan-3.0.0`)

EXTERNAL SOURCES:
  edge_detection_plus:
    :path: ".symlinks/plugins/edge_detection_plus/ios"
  Flutter:
    :path: Flutter
  path_provider_foundation:
    :path: ".symlinks/plugins/path_provider_foundation/darwin"
  permission_handler_apple:
    :path: ".symlinks/plugins/permission_handler_apple/ios"
  WeScan:
    :path: ".symlinks/plugins/edge_detection_plus/ios/WeScan-3.0.0"

SPEC CHECKSUMS:
  edge_detection_plus: 0a2d5578e3f04709e235c3959d7df7a783586499
  Flutter: e0871f40cf51350855a761d2e70bf5af5b9b5de7
  path_provider_foundation: 2a68637f8a62df7f6e790a428d1bdf72cb4e2d59
  permission_handler_apple: 3787117e48f80715ff04a3830ca039283d6a4f29
  WeScan: f50277f7304d146d9ebc4ebdc1b587df84dcdd8b

PODFILE CHECKSUM: 8064e08393e43610d8490d4dfdfe78f069e1c0f2

COCOAPODS: 1.16.2
